
Microsoft Visual Studio Solution File, Format Version 12.00
# Visual Studio 2012
Project("{FAE04EC0-301F-11D3-BF4B-00C04F79EFBC}") = "codekata1", "codekata1\codekata1.csproj", "{3A005B00-388A-4B67-96D4-00D212DE4256}"
EndProject
Project("{2150E333-8FDC-42A3-9474-1A3956D46DE8}") = ".nuget", ".nuget", "{062ED92C-28E8-4F52-B518-E961852D8414}"
	ProjectSection(SolutionItems) = preProject
		.nuget\NuGet.Config = .nuget\NuGet.Config
		.nuget\NuGet.exe = .nuget\NuGet.exe
		.nuget\NuGet.targets = .nuget\NuGet.targets
	EndProjectSection
EndProject
Global
	GlobalSection(SolutionConfigurationPlatforms) = preSolution
		Debug|Any CPU = Debug|Any CPU
		Release|Any CPU = Release|Any CPU
	EndGlobalSection
	GlobalSection(ProjectConfigurationPlatforms) = postSolution
		{3A005B00-388A-4B67-96D4-00D212DE4256}.Debug|Any CPU.ActiveCfg = Debug|Any CPU
		{3A005B00-388A-4B67-96D4-00D212DE4256}.Debug|Any CPU.Build.0 = Debug|Any CPU
		{3A005B00-388A-4B67-96D4-00D212DE4256}.Release|Any CPU.ActiveCfg = Release|Any CPU
		{3A005B00-388A-4B67-96D4-00D212DE4256}.Release|Any CPU.Build.0 = Release|Any CPU
	EndGlobalSection
	GlobalSection(SolutionProperties) = preSolution
		HideSolutionNode = FALSE
	EndGlobalSection
EndGlobal
